
Microsoft Visual Studio Solution File, Format Version 12.00
# Visual Studio Version 17
VisualStudioVersion = 17.2.32526.322
MinimumVisualStudioVersion = 10.0.40219.1
Project("{FAE04EC0-301F-11D3-BF4B-00C04F79EFBC}") = "NewVersionFolder", "NewVersionFolder\NewVersionFolder.csproj", "{66E2EFCE-AD9B-462C-B247-7E5098ED1C1C}"
EndProject
Global
	GlobalSection(SolutionConfigurationPlatforms) = preSolution
		Debug|Any CPU = Debug|Any CPU
		Release|Any CPU = Release|Any CPU
	EndGlobalSection
	GlobalSection(ProjectConfigurationPlatforms) = postSolution
		{66E2EFCE-AD9B-462C-B247-7E5098ED1C1C}.Debug|Any CPU.ActiveCfg = Debug|Any CPU
		{66E2EFCE-AD9B-462C-B247-7E5098ED1C1C}.Debug|Any CPU.Build.0 = Debug|Any CPU
		{66E2EFCE-AD9B-462C-B247-7E5098ED1C1C}.Release|Any CPU.ActiveCfg = Release|Any CPU
		{66E2EFCE-AD9B-462C-B247-7E5098ED1C1C}.Release|Any CPU.Build.0 = Release|Any CPU
	EndGlobalSection
	GlobalSection(SolutionProperties) = preSolution
		HideSolutionNode = FALSE
	EndGlobalSection
	GlobalSection(ExtensibilityGlobals) = postSolution
		SolutionGuid = {F62A8C65-6BD7-41D8-B23C-6A8B8F04B965}
	EndGlobalSection
EndGlobal
